
Microsoft Visual Studio Solution File, Format Version 12.00
# Visual Studio Version 16
VisualStudioVersion = 16.0.31729.503
MinimumVisualStudioVersion = 10.0.40219.1
Project("{FAE04EC0-301F-11D3-BF4B-00C04F79EFBC}") = "Homework 2.7 Task 1", "Homework 2.7 Task 1.csproj", "{C7329063-2527-499F-86DD-96EAE352DF32}"
EndProject
Global
	GlobalSection(SolutionConfigurationPlatforms) = preSolution
		Debug|Any CPU = Debug|Any CPU
		Release|Any CPU = Release|Any CPU
	EndGlobalSection
	GlobalSection(ProjectConfigurationPlatforms) = postSolution
		{C7329063-2527-499F-86DD-96EAE352DF32}.Debug|Any CPU.ActiveCfg = Debug|Any CPU
		{C7329063-2527-499F-86DD-96EAE352DF32}.Debug|Any CPU.Build.0 = Debug|Any CPU
		{C7329063-2527-499F-86DD-96EAE352DF32}.Release|Any CPU.ActiveCfg = Release|Any CPU
		{C7329063-2527-499F-86DD-96EAE352DF32}.Release|Any CPU.Build.0 = Release|Any CPU
	EndGlobalSection
	GlobalSection(SolutionProperties) = preSolution
		HideSolutionNode = FALSE
	EndGlobalSection
	GlobalSection(ExtensibilityGlobals) = postSolution
		SolutionGuid = {280082A4-AD7F-4186-B589-0FC920E75BF9}
	EndGlobalSection
EndGlobal
